
Microsoft Visual Studio Solution File, Format Version 12.00
# Visual Studio Version 17
VisualStudioVersion = 17.4.33122.133
MinimumVisualStudioVersion = 10.0.40219.1
Project("{9A19103F-16F7-4668-BE54-9A1E7A4F7556}") = "Airport", "Airport.csproj", "{5B1B9587-A7F8-46F4-A78C-3D43512711B2}"
EndProject
Project("{9A19103F-16F7-4668-BE54-9A1E7A4F7556}") = "ConsoleSimulator", "..\ConsoleSimulator\ConsoleSimulator.csproj", "{474EF6D7-6A69-4F13-98F0-EE6284D652A3}"
EndProject
Project("{9A19103F-16F7-4668-BE54-9A1E7A4F7556}") = "Core", "..\Domain\Core.csproj", "{08AD01F8-6C8C-4098-B008-A5F351EC2A4A}"
EndProject
Project("{9A19103F-16F7-4668-BE54-9A1E7A4F7556}") = "Airport.Infrastracture", "..\Airport.Infrastracture\Airport.Infrastracture.csproj", "{5B3963A2-9371-42A4-A781-946A8E0D12D8}"
EndProject
Project("{9A19103F-16F7-4668-BE54-9A1E7A4F7556}") = "Airport.Application", "..\Airport.Application\Airport.Application.csproj", "{87430782-8BFA-433E-A81F-3B96C4F8F139}"
EndProject
Global
	GlobalSection(SolutionConfigurationPlatforms) = preSolution
		Debug|Any CPU = Debug|Any CPU
		Release|Any CPU = Release|Any CPU
	EndGlobalSection
	GlobalSection(ProjectConfigurationPlatforms) = postSolution
		{5B1B9587-A7F8-46F4-A78C-3D43512711B2}.Debug|Any CPU.ActiveCfg = Debug|Any CPU
		{5B1B9587-A7F8-46F4-A78C-3D43512711B2}.Debug|Any CPU.Build.0 = Debug|Any CPU
		{5B1B9587-A7F8-46F4-A78C-3D43512711B2}.Release|Any CPU.ActiveCfg = Release|Any CPU
		{5B1B9587-A7F8-46F4-A78C-3D43512711B2}.Release|Any CPU.Build.0 = Release|Any CPU
		{474EF6D7-6A69-4F13-98F0-EE6284D652A3}.Debug|Any CPU.ActiveCfg = Debug|Any CPU
		{474EF6D7-6A69-4F13-98F0-EE6284D652A3}.Debug|Any CPU.Build.0 = Debug|Any CPU
		{474EF6D7-6A69-4F13-98F0-EE6284D652A3}.Release|Any CPU.ActiveCfg = Release|Any CPU
		{474EF6D7-6A69-4F13-98F0-EE6284D652A3}.Release|Any CPU.Build.0 = Release|Any CPU
		{08AD01F8-6C8C-4098-B008-A5F351EC2A4A}.Debug|Any CPU.ActiveCfg = Debug|Any CPU
		{08AD01F8-6C8C-4098-B008-A5F351EC2A4A}.Debug|Any CPU.Build.0 = Debug|Any CPU
		{08AD01F8-6C8C-4098-B008-A5F351EC2A4A}.Release|Any CPU.ActiveCfg = Release|Any CPU
		{08AD01F8-6C8C-4098-B008-A5F351EC2A4A}.Release|Any CPU.Build.0 = Release|Any CPU
		{5B3963A2-9371-42A4-A781-946A8E0D12D8}.Debug|Any CPU.ActiveCfg = Debug|Any CPU
		{5B3963A2-9371-42A4-A781-946A8E0D12D8}.Debug|Any CPU.Build.0 = Debug|Any CPU
		{5B3963A2-9371-42A4-A781-946A8E0D12D8}.Release|Any CPU.ActiveCfg = Release|Any CPU
		{5B3963A2-9371-42A4-A781-946A8E0D12D8}.Release|Any CPU.Build.0 = Release|Any CPU
		{87430782-8BFA-433E-A81F-3B96C4F8F139}.Debug|Any CPU.ActiveCfg = Debug|Any CPU
		{87430782-8BFA-433E-A81F-3B96C4F8F139}.Debug|Any CPU.Build.0 = Debug|Any CPU
		{87430782-8BFA-433E-A81F-3B96C4F8F139}.Release|Any CPU.ActiveCfg = Release|Any CPU
		{87430782-8BFA-433E-A81F-3B96C4F8F139}.Release|Any CPU.Build.0 = Release|Any CPU
	EndGlobalSection
	GlobalSection(SolutionProperties) = preSolution
		HideSolutionNode = FALSE
	EndGlobalSection
	GlobalSection(ExtensibilityGlobals) = postSolution
		SolutionGuid = {BE397BE0-BD05-4EC5-BC74-0780F672E1A7}
	EndGlobalSection
EndGlobal
